{
  "version": 4,
  "terraform_version": "1.9.3",
  "serial": 1,
  "lineage": "511c7db9-85b1-0816-48f3-2a88488aa31e",
  "outputs": {},
  "resources": [
    {
      "mode": "managed",
      "type": "fortios_system_dns",
      "name": "trname",
      "provider": "provider[\"registry.terraform.io/fortinetdev/fortios\"]",
      "instances": [
        {
          "schema_version": 0,
          "attributes": {
            "alt_primary": "0.0.0.0",
            "alt_secondary": "0.0.0.0",
            "cache_notfound_responses": "disable",
            "dns_cache_limit": 5000,
            "dns_cache_ttl": 1800,
            "dns_over_tls": "",
            "domain": [],
            "dynamic_sort_subtable": "false",
            "fqdn_cache_ttl": 0,
            "fqdn_max_refresh": 3600,
            "fqdn_min_refresh": 60,
            "get_all_tables": "false",
            "hostname_limit": 0,
            "hostname_ttl": 0,
            "id": "SystemDns",
            "interface": "",
            "interface_select_method": "auto",
            "ip6_primary": "::",
            "ip6_secondary": "::",
            "log": "disable",
            "primary": "1.1.1.1",
            "protocol": "cleartext",
            "retry": 2,
            "root_servers": "",
            "secondary": "8.8.4.4",
            "server_hostname": [],
            "server_select_method": "failover",
            "source_ip": "0.0.0.0",
            "source_ip_interface": "",
            "ssl_certificate": "Fortinet_Factory",
            "timeout": 5,
            "vdomparam": null,
            "vrf_select": 0
          },
          "sensitive_attributes": [],
          "private": "bnVsbA=="
        }
      ]
    }
  ],
  "check_results": null
}
